
Microsoft Visual Studio Solution File, Format Version 12.00
# Visual Studio Version 17
VisualStudioVersion = 17.14.36221.1 d17.14
MinimumVisualStudioVersion = 10.0.40219.1
Project("{FAE04EC0-301F-11D3-BF4B-00C04F79EFBC}") = "Master passwords", "Master passwords.csproj", "{13037170-AD8C-4A64-B336-63D178B6D5AD}"
EndProject
Global
	GlobalSection(SolutionConfigurationPlatforms) = preSolution
		Debug|Any CPU = Debug|Any CPU
		Release|Any CPU = Release|Any CPU
	EndGlobalSection
	GlobalSection(ProjectConfigurationPlatforms) = postSolution
		{13037170-AD8C-4A64-B336-63D178B6D5AD}.Debug|Any CPU.ActiveCfg = Debug|Any CPU
		{13037170-AD8C-4A64-B336-63D178B6D5AD}.Debug|Any CPU.Build.0 = Debug|Any CPU
		{13037170-AD8C-4A64-B336-63D178B6D5AD}.Release|Any CPU.ActiveCfg = Release|Any CPU
		{13037170-AD8C-4A64-B336-63D178B6D5AD}.Release|Any CPU.Build.0 = Release|Any CPU
	EndGlobalSection
	GlobalSection(SolutionProperties) = preSolution
		HideSolutionNode = FALSE
	EndGlobalSection
	GlobalSection(ExtensibilityGlobals) = postSolution
		SolutionGuid = {8A17E4BA-2DEB-4177-875E-AC7B5080F902}
	EndGlobalSection
EndGlobal
